# THIS IS AN AUTOGENERATED FILE. DO NOT EDIT THIS FILE DIRECTLY.
# yarn lockfile v1


jquery-schedule@^2.2.0:
  version "2.2.0"
  resolved "https://registry.yarnpkg.com/jquery-schedule/-/jquery-schedule-2.2.0.tgz#d71d2f6c21f6f6163da3ae56370cb30cabd52fe5"
  dependencies:
    jquery "^3.2.1"
    jquery-ui "^1.12.1"

jquery-ui@^1.12.1:
  version "1.12.1"
  resolved "https://registry.yarnpkg.com/jquery-ui/-/jquery-ui-1.12.1.tgz#bcb4045c8dd0539c134bc1488cdd3e768a7a9e51"

jquery@^3.2.1:
  version "3.4.1"
  resolved "https://registry.yarnpkg.com/jquery/-/jquery-3.4.1.tgz#714f1f8d9dde4bdfa55764ba37ef214630d80ef2"
